
Microsoft Visual Studio Solution File, Format Version 12.00
# Visual Studio 15
VisualStudioVersion = 15.0.27703.2000
MinimumVisualStudioVersion = 10.0.40219.1
Project("{9A19103F-16F7-4668-BE54-9A1E7A4F7556}") = "ConsoleGame", "ConsoleGame\ConsoleGame.csproj", "{47115F85-8C6B-41BA-89E3-D21B8EAE98BA}"
EndProject
Project("{9A19103F-16F7-4668-BE54-9A1E7A4F7556}") = "Stuff for the console game", "Stuff for the console game\Stuff for the console game.csproj", "{F6119A2A-B575-4912-A0EF-FAFB98FD89A9}"
EndProject
Global
	GlobalSection(SolutionConfigurationPlatforms) = preSolution
		Debug|Any CPU = Debug|Any CPU
		Release|Any CPU = Release|Any CPU
	EndGlobalSection
	GlobalSection(ProjectConfigurationPlatforms) = postSolution
		{47115F85-8C6B-41BA-89E3-D21B8EAE98BA}.Debug|Any CPU.ActiveCfg = Debug|Any CPU
		{47115F85-8C6B-41BA-89E3-D21B8EAE98BA}.Debug|Any CPU.Build.0 = Debug|Any CPU
		{47115F85-8C6B-41BA-89E3-D21B8EAE98BA}.Release|Any CPU.ActiveCfg = Release|Any CPU
		{47115F85-8C6B-41BA-89E3-D21B8EAE98BA}.Release|Any CPU.Build.0 = Release|Any CPU
		{F6119A2A-B575-4912-A0EF-FAFB98FD89A9}.Debug|Any CPU.ActiveCfg = Debug|Any CPU
		{F6119A2A-B575-4912-A0EF-FAFB98FD89A9}.Debug|Any CPU.Build.0 = Debug|Any CPU
		{F6119A2A-B575-4912-A0EF-FAFB98FD89A9}.Release|Any CPU.ActiveCfg = Release|Any CPU
		{F6119A2A-B575-4912-A0EF-FAFB98FD89A9}.Release|Any CPU.Build.0 = Release|Any CPU
	EndGlobalSection
	GlobalSection(SolutionProperties) = preSolution
		HideSolutionNode = FALSE
	EndGlobalSection
	GlobalSection(ExtensibilityGlobals) = postSolution
		SolutionGuid = {5221B386-E370-4BDA-A2FE-7B5968B825FD}
	EndGlobalSection
EndGlobal
