
Microsoft Visual Studio Solution File, Format Version 12.00
# Visual Studio 15
VisualStudioVersion = 15.0.27703.2000
MinimumVisualStudioVersion = 10.0.40219.1
Project("{FAE04EC0-301F-11D3-BF4B-00C04F79EFBC}") = "Lists - Lab", "Lists - Lab\Lists - Lab.csproj", "{DB55B6BF-3690-40E8-A50A-7734978AD96F}"
EndProject
Global
	GlobalSection(SolutionConfigurationPlatforms) = preSolution
		Debug|Any CPU = Debug|Any CPU
		Release|Any CPU = Release|Any CPU
	EndGlobalSection
	GlobalSection(ProjectConfigurationPlatforms) = postSolution
		{DB55B6BF-3690-40E8-A50A-7734978AD96F}.Debug|Any CPU.ActiveCfg = Debug|Any CPU
		{DB55B6BF-3690-40E8-A50A-7734978AD96F}.Debug|Any CPU.Build.0 = Debug|Any CPU
		{DB55B6BF-3690-40E8-A50A-7734978AD96F}.Release|Any CPU.ActiveCfg = Release|Any CPU
		{DB55B6BF-3690-40E8-A50A-7734978AD96F}.Release|Any CPU.Build.0 = Release|Any CPU
	EndGlobalSection
	GlobalSection(SolutionProperties) = preSolution
		HideSolutionNode = FALSE
	EndGlobalSection
	GlobalSection(ExtensibilityGlobals) = postSolution
		SolutionGuid = {9BC96C4E-88AA-4B44-939A-ECD9B910132F}
	EndGlobalSection
EndGlobal
