
Microsoft Visual Studio Solution File, Format Version 12.00
# Visual Studio 15
VisualStudioVersion = 15.0.27703.2000
MinimumVisualStudioVersion = 10.0.40219.1
Project("{9A19103F-16F7-4668-BE54-9A1E7A4F7556}") = "Card Number", "ConsoleApp1\Card Number.csproj", "{1FF29F00-AE25-4C6D-8347-4A30B652B995}"
EndProject
Project("{9A19103F-16F7-4668-BE54-9A1E7A4F7556}") = "Word in Plural", "Greeting\Word in Plural.csproj", "{385A21DA-E6C6-4007-88E5-C5746D70DAE6}"
EndProject
Project("{9A19103F-16F7-4668-BE54-9A1E7A4F7556}") = "Rectangle Area", "Rectangle Area\Rectangle Area.csproj", "{FE7E1774-CD60-444E-82E8-0294D317E606}"
EndProject
Project("{9A19103F-16F7-4668-BE54-9A1E7A4F7556}") = "Character Stats", "Character Stats\Character Stats.csproj", "{363E8DEC-7E08-45A0-9282-952112616661}"
EndProject
Global
	GlobalSection(SolutionConfigurationPlatforms) = preSolution
		Debug|Any CPU = Debug|Any CPU
		Release|Any CPU = Release|Any CPU
	EndGlobalSection
	GlobalSection(ProjectConfigurationPlatforms) = postSolution
		{1FF29F00-AE25-4C6D-8347-4A30B652B995}.Debug|Any CPU.ActiveCfg = Debug|Any CPU
		{1FF29F00-AE25-4C6D-8347-4A30B652B995}.Debug|Any CPU.Build.0 = Debug|Any CPU
		{1FF29F00-AE25-4C6D-8347-4A30B652B995}.Release|Any CPU.ActiveCfg = Release|Any CPU
		{1FF29F00-AE25-4C6D-8347-4A30B652B995}.Release|Any CPU.Build.0 = Release|Any CPU
		{385A21DA-E6C6-4007-88E5-C5746D70DAE6}.Debug|Any CPU.ActiveCfg = Debug|Any CPU
		{385A21DA-E6C6-4007-88E5-C5746D70DAE6}.Debug|Any CPU.Build.0 = Debug|Any CPU
		{385A21DA-E6C6-4007-88E5-C5746D70DAE6}.Release|Any CPU.ActiveCfg = Release|Any CPU
		{385A21DA-E6C6-4007-88E5-C5746D70DAE6}.Release|Any CPU.Build.0 = Release|Any CPU
		{FE7E1774-CD60-444E-82E8-0294D317E606}.Debug|Any CPU.ActiveCfg = Debug|Any CPU
		{FE7E1774-CD60-444E-82E8-0294D317E606}.Debug|Any CPU.Build.0 = Debug|Any CPU
		{FE7E1774-CD60-444E-82E8-0294D317E606}.Release|Any CPU.ActiveCfg = Release|Any CPU
		{FE7E1774-CD60-444E-82E8-0294D317E606}.Release|Any CPU.Build.0 = Release|Any CPU
		{363E8DEC-7E08-45A0-9282-952112616661}.Debug|Any CPU.ActiveCfg = Debug|Any CPU
		{363E8DEC-7E08-45A0-9282-952112616661}.Debug|Any CPU.Build.0 = Debug|Any CPU
		{363E8DEC-7E08-45A0-9282-952112616661}.Release|Any CPU.ActiveCfg = Release|Any CPU
		{363E8DEC-7E08-45A0-9282-952112616661}.Release|Any CPU.Build.0 = Release|Any CPU
	EndGlobalSection
	GlobalSection(SolutionProperties) = preSolution
		HideSolutionNode = FALSE
	EndGlobalSection
	GlobalSection(ExtensibilityGlobals) = postSolution
		SolutionGuid = {610F7116-CBED-47F1-A4D7-488604E5C8FE}
	EndGlobalSection
EndGlobal
