
Microsoft Visual Studio Solution File, Format Version 12.00
# Visual Studio 15
VisualStudioVersion = 15.0.27703.2035
MinimumVisualStudioVersion = 10.0.40219.1
Project("{FAE04EC0-301F-11D3-BF4B-00C04F79EFBC}") = "Extract Emails", "Extract Emails\Extract Emails.csproj", "{9EE6E9B1-855B-4A79-B18E-5305096D087B}"
EndProject
Project("{FAE04EC0-301F-11D3-BF4B-00C04F79EFBC}") = "03-Extract Sentences by Keyword", "03-Extract Sentences by Keyword\03-Extract Sentences by Keyword.csproj", "{369BE589-DA5E-4AE8-A3C4-E86D2B6F2391}"
EndProject
Project("{FAE04EC0-301F-11D3-BF4B-00C04F79EFBC}") = "04-Weather", "04-Weather\04-Weather.csproj", "{DC4F5366-5159-462A-A74F-41808B68CABD}"
EndProject
Project("{FAE04EC0-301F-11D3-BF4B-00C04F79EFBC}") = "02-Extract Sentences by Keyword", "02-Extract Sentences by Keyword\02-Extract Sentences by Keyword.csproj", "{01C2373D-81D9-4233-ACF8-26C92299D4FB}"
EndProject
Project("{FAE04EC0-301F-11D3-BF4B-00C04F79EFBC}") = "05-Key Replacer", "05-Key Replacer\05-Key Replacer.csproj", "{D526D30B-2625-41C0-93AA-BC11372D1B31}"
EndProject
Global
	GlobalSection(SolutionConfigurationPlatforms) = preSolution
		Debug|Any CPU = Debug|Any CPU
		Release|Any CPU = Release|Any CPU
	EndGlobalSection
	GlobalSection(ProjectConfigurationPlatforms) = postSolution
		{9EE6E9B1-855B-4A79-B18E-5305096D087B}.Debug|Any CPU.ActiveCfg = Debug|Any CPU
		{9EE6E9B1-855B-4A79-B18E-5305096D087B}.Debug|Any CPU.Build.0 = Debug|Any CPU
		{9EE6E9B1-855B-4A79-B18E-5305096D087B}.Release|Any CPU.ActiveCfg = Release|Any CPU
		{9EE6E9B1-855B-4A79-B18E-5305096D087B}.Release|Any CPU.Build.0 = Release|Any CPU
		{369BE589-DA5E-4AE8-A3C4-E86D2B6F2391}.Debug|Any CPU.ActiveCfg = Debug|Any CPU
		{369BE589-DA5E-4AE8-A3C4-E86D2B6F2391}.Debug|Any CPU.Build.0 = Debug|Any CPU
		{369BE589-DA5E-4AE8-A3C4-E86D2B6F2391}.Release|Any CPU.ActiveCfg = Release|Any CPU
		{369BE589-DA5E-4AE8-A3C4-E86D2B6F2391}.Release|Any CPU.Build.0 = Release|Any CPU
		{DC4F5366-5159-462A-A74F-41808B68CABD}.Debug|Any CPU.ActiveCfg = Debug|Any CPU
		{DC4F5366-5159-462A-A74F-41808B68CABD}.Debug|Any CPU.Build.0 = Debug|Any CPU
		{DC4F5366-5159-462A-A74F-41808B68CABD}.Release|Any CPU.ActiveCfg = Release|Any CPU
		{DC4F5366-5159-462A-A74F-41808B68CABD}.Release|Any CPU.Build.0 = Release|Any CPU
		{01C2373D-81D9-4233-ACF8-26C92299D4FB}.Debug|Any CPU.ActiveCfg = Debug|Any CPU
		{01C2373D-81D9-4233-ACF8-26C92299D4FB}.Debug|Any CPU.Build.0 = Debug|Any CPU
		{01C2373D-81D9-4233-ACF8-26C92299D4FB}.Release|Any CPU.ActiveCfg = Release|Any CPU
		{01C2373D-81D9-4233-ACF8-26C92299D4FB}.Release|Any CPU.Build.0 = Release|Any CPU
		{D526D30B-2625-41C0-93AA-BC11372D1B31}.Debug|Any CPU.ActiveCfg = Debug|Any CPU
		{D526D30B-2625-41C0-93AA-BC11372D1B31}.Debug|Any CPU.Build.0 = Debug|Any CPU
		{D526D30B-2625-41C0-93AA-BC11372D1B31}.Release|Any CPU.ActiveCfg = Release|Any CPU
		{D526D30B-2625-41C0-93AA-BC11372D1B31}.Release|Any CPU.Build.0 = Release|Any CPU
	EndGlobalSection
	GlobalSection(SolutionProperties) = preSolution
		HideSolutionNode = FALSE
	EndGlobalSection
	GlobalSection(ExtensibilityGlobals) = postSolution
		SolutionGuid = {CBE1FCC7-6707-4055-AF1B-17F279EEC18B}
	EndGlobalSection
EndGlobal
